
Microsoft Visual Studio Solution File, Format Version 12.00
# Visual Studio Version 18
VisualStudioVersion = 18.3.11520.95 d18.3
MinimumVisualStudioVersion = 10.0.40219.1
Project("{FAE04EC0-301F-11D3-BF4B-00C04F79EFBC}") = "ExcelReader", "ExcelReader.csproj", "{50DD06CA-D0DA-07AA-A8EF-A4FA586BD74A}"
EndProject
Global
	GlobalSection(SolutionConfigurationPlatforms) = preSolution
		Debug|Any CPU = Debug|Any CPU
		Release|Any CPU = Release|Any CPU
	EndGlobalSection
	GlobalSection(ProjectConfigurationPlatforms) = postSolution
		{50DD06CA-D0DA-07AA-A8EF-A4FA586BD74A}.Debug|Any CPU.ActiveCfg = Debug|Any CPU
		{50DD06CA-D0DA-07AA-A8EF-A4FA586BD74A}.Debug|Any CPU.Build.0 = Debug|Any CPU
		{50DD06CA-D0DA-07AA-A8EF-A4FA586BD74A}.Release|Any CPU.ActiveCfg = Release|Any CPU
		{50DD06CA-D0DA-07AA-A8EF-A4FA586BD74A}.Release|Any CPU.Build.0 = Release|Any CPU
	EndGlobalSection
	GlobalSection(SolutionProperties) = preSolution
		HideSolutionNode = FALSE
	EndGlobalSection
	GlobalSection(ExtensibilityGlobals) = postSolution
		SolutionGuid = {4EC79D0C-03AB-4D2D-8F09-00BC7057EAAC}
	EndGlobalSection
EndGlobal
